
Microsoft Visual Studio Solution File, Format Version 12.00
# Visual Studio Version 17
VisualStudioVersion = 17.14.36414.22 d17.14
MinimumVisualStudioVersion = 10.0.40219.1
Project("{FAE04EC0-301F-11D3-BF4B-00C04F79EFBC}") = "vizallas", "vizallas\vizallas.csproj", "{7F67731C-8BF1-406B-A046-3EAB1C404482}"
EndProject
Global
	GlobalSection(SolutionConfigurationPlatforms) = preSolution
		Debug|Any CPU = Debug|Any CPU
		Release|Any CPU = Release|Any CPU
	EndGlobalSection
	GlobalSection(ProjectConfigurationPlatforms) = postSolution
		{7F67731C-8BF1-406B-A046-3EAB1C404482}.Debug|Any CPU.ActiveCfg = Debug|Any CPU
		{7F67731C-8BF1-406B-A046-3EAB1C404482}.Debug|Any CPU.Build.0 = Debug|Any CPU
		{7F67731C-8BF1-406B-A046-3EAB1C404482}.Release|Any CPU.ActiveCfg = Release|Any CPU
		{7F67731C-8BF1-406B-A046-3EAB1C404482}.Release|Any CPU.Build.0 = Release|Any CPU
	EndGlobalSection
	GlobalSection(SolutionProperties) = preSolution
		HideSolutionNode = FALSE
	EndGlobalSection
	GlobalSection(ExtensibilityGlobals) = postSolution
		SolutionGuid = {6655B4B9-D82A-44DB-86ED-A9185D9C15A3}
	EndGlobalSection
EndGlobal
